
Microsoft Visual Studio Solution File, Format Version 12.00
# Visual Studio Version 17
VisualStudioVersion = 17.14.36915.13 d17.14
MinimumVisualStudioVersion = 10.0.40219.1
Project("{FAE04EC0-301F-11D3-BF4B-00C04F79EFBC}") = "Projet_POO2", "Projet_POO2\Projet_POO2.csproj", "{016D4AF2-7591-428B-ABBA-80BBB80C8F61}"
EndProject
Global
	GlobalSection(SolutionConfigurationPlatforms) = preSolution
		Debug|Any CPU = Debug|Any CPU
		Release|Any CPU = Release|Any CPU
	EndGlobalSection
	GlobalSection(ProjectConfigurationPlatforms) = postSolution
		{016D4AF2-7591-428B-ABBA-80BBB80C8F61}.Debug|Any CPU.ActiveCfg = Debug|Any CPU
		{016D4AF2-7591-428B-ABBA-80BBB80C8F61}.Debug|Any CPU.Build.0 = Debug|Any CPU
		{016D4AF2-7591-428B-ABBA-80BBB80C8F61}.Release|Any CPU.ActiveCfg = Release|Any CPU
		{016D4AF2-7591-428B-ABBA-80BBB80C8F61}.Release|Any CPU.Build.0 = Release|Any CPU
	EndGlobalSection
	GlobalSection(SolutionProperties) = preSolution
		HideSolutionNode = FALSE
	EndGlobalSection
	GlobalSection(ExtensibilityGlobals) = postSolution
		SolutionGuid = {C900F310-B16E-4000-B89C-C274523425ED}
	EndGlobalSection
EndGlobal
